
Microsoft Visual Studio Solution File, Format Version 12.00
# Visual Studio Version 17
VisualStudioVersion = 17.8.34330.188
MinimumVisualStudioVersion = 10.0.40219.1
Project("{FAE04EC0-301F-11D3-BF4B-00C04F79EFBC}") = "InheritanceLab", "InheritanceLab\InheritanceLab.csproj", "{D6263BDB-CAE3-47C6-9ADE-07ED35C2F3C1}"
EndProject
Global
	GlobalSection(SolutionConfigurationPlatforms) = preSolution
		Debug|Any CPU = Debug|Any CPU
		Release|Any CPU = Release|Any CPU
	EndGlobalSection
	GlobalSection(ProjectConfigurationPlatforms) = postSolution
		{D6263BDB-CAE3-47C6-9ADE-07ED35C2F3C1}.Debug|Any CPU.ActiveCfg = Debug|Any CPU
		{D6263BDB-CAE3-47C6-9ADE-07ED35C2F3C1}.Debug|Any CPU.Build.0 = Debug|Any CPU
		{D6263BDB-CAE3-47C6-9ADE-07ED35C2F3C1}.Release|Any CPU.ActiveCfg = Release|Any CPU
		{D6263BDB-CAE3-47C6-9ADE-07ED35C2F3C1}.Release|Any CPU.Build.0 = Release|Any CPU
	EndGlobalSection
	GlobalSection(SolutionProperties) = preSolution
		HideSolutionNode = FALSE
	EndGlobalSection
	GlobalSection(ExtensibilityGlobals) = postSolution
		SolutionGuid = {88835B54-184C-4EAC-B070-1B5BD17F6579}
	EndGlobalSection
EndGlobal
